// !$*UTF8*$!
{
	archiveVersion = 1;
	classes = {
	};
	objectVersion = 56;
	objects = {

/* Begin PBXBuildFile section */
		EC095B5F2A34531C00F715AE /* UIViewController+TextPicker.swift in Sources */ = {isa = PBXBuildFile; fileRef = EC095B5E2A34531C00F715AE /* UIViewController+TextPicker.swift */; };
		EC095B612A366E2900F715AE /* UIViewController+PresentImagePicker.swift in Sources */ = {isa = PBXBuildFile; fileRef = EC095B602A366E2800F715AE /* UIViewController+PresentImagePicker.swift */; };
		ECF59D4E2A3263FD002BEE93 /* AppDelegate.swift in Sources */ = {isa = PBXBuildFile; fileRef = ECF59D4D2A3263FD002BEE93 /* AppDelegate.swift */; };
		ECF59D502A3263FD002BEE93 /* SceneDelegate.swift in Sources */ = {isa = PBXBuildFile; fileRef = ECF59D4F2A3263FD002BEE93 /* SceneDelegate.swift */; };
		ECF59D552A3263FD002BEE93 /* Main.storyboard in Resources */ = {isa = PBXBuildFile; fileRef = ECF59D532A3263FD002BEE93 /* Main.storyboard */; };
		ECF59D572A3263FE002BEE93 /* Assets.xcassets in Resources */ = {isa = PBXBuildFile; fileRef = ECF59D562A3263FE002BEE93 /* Assets.xcassets */; };
		ECF59D5A2A3263FE002BEE93 /* LaunchScreen.storyboard in Resources */ = {isa = PBXBuildFile; fileRef = ECF59D582A3263FE002BEE93 /* LaunchScreen.storyboard */; };
		ECF59D622A3264CF002BEE93 /* TableViewController.swift in Sources */ = {isa = PBXBuildFile; fileRef = ECF59D612A3264CF002BEE93 /* TableViewController.swift */; };
		ECF59D662A3265C6002BEE93 /* FileManagerService.swift in Sources */ = {isa = PBXBuildFile; fileRef = ECF59D652A3265C6002BEE93 /* FileManagerService.swift */; };
		ECF59D692A3266A6002BEE93 /* Content.swift in Sources */ = {isa = PBXBuildFile; fileRef = ECF59D682A3266A6002BEE93 /* Content.swift */; };
/* End PBXBuildFile section */

/* Begin PBXFileReference section */
		EC095B5E2A34531C00F715AE /* UIViewController+TextPicker.swift */ = {isa = PBXFileReference; lastKnownFileType = sourcecode.swift; path = "UIViewController+TextPicker.swift"; sourceTree = "<group>"; };
		EC095B602A366E2800F715AE /* UIViewController+PresentImagePicker.swift */ = {isa = PBXFileReference; lastKnownFileType = sourcecode.swift; path = "UIViewController+PresentImagePicker.swift"; sourceTree = "<group>"; };
		ECF59D4A2A3263FD002BEE93 /* FileStorageManager.app */ = {isa = PBXFileReference; explicitFileType = wrapper.application; includeInIndex = 0; path = FileStorageManager.app; sourceTree = BUILT_PRODUCTS_DIR; };
		ECF59D4D2A3263FD002BEE93 /* AppDelegate.swift */ = {isa = PBXFileReference; lastKnownFileType = sourcecode.swift; path = AppDelegate.swift; sourceTree = "<group>"; };
		ECF59D4F2A3263FD002BEE93 /* SceneDelegate.swift */ = {isa = PBXFileReference; lastKnownFileType = sourcecode.swift; path = SceneDelegate.swift; sourceTree = "<group>"; };
		ECF59D542A3263FD002BEE93 /* Base */ = {isa = PBXFileReference; lastKnownFileType = file.storyboard; name = Base; path = Base.lproj/Main.storyboard; sourceTree = "<group>"; };
		ECF59D562A3263FE002BEE93 /* Assets.xcassets */ = {isa = PBXFileReference; lastKnownFileType = folder.assetcatalog; path = Assets.xcassets; sourceTree = "<group>"; };
		ECF59D592A3263FE002BEE93 /* Base */ = {isa = PBXFileReference; lastKnownFileType = file.storyboard; name = Base; path = Base.lproj/LaunchScreen.storyboard; sourceTree = "<group>"; };
		ECF59D5B2A3263FE002BEE93 /* Info.plist */ = {isa = PBXFileReference; lastKnownFileType = text.plist.xml; path = Info.plist; sourceTree = "<group>"; };
		ECF59D612A3264CF002BEE93 /* TableViewController.swift */ = {isa = PBXFileReference; lastKnownFileType = sourcecode.swift; path = TableViewController.swift; sourceTree = "<group>"; };
		ECF59D652A3265C6002BEE93 /* FileManagerService.swift */ = {isa = PBXFileReference; lastKnownFileType = sourcecode.swift; path = FileManagerService.swift; sourceTree = "<group>"; };
		ECF59D682A3266A6002BEE93 /* Content.swift */ = {isa = PBXFileReference; lastKnownFileType = sourcecode.swift; path = Content.swift; sourceTree = "<group>"; };
/* End PBXFileReference section */

/* Begin PBXFrameworksBuildPhase section */
		ECF59D472A3263FD002BEE93 /* Frameworks */ = {
			isa = PBXFrameworksBuildPhase;
			buildActionMask = 2147483647;
			files = (
			);
			runOnlyForDeploymentPostprocessing = 0;
		};
/* End PBXFrameworksBuildPhase section */

/* Begin PBXGroup section */
		EC095B5D2A34530300F715AE /* Extensions */ = {
			isa = PBXGroup;
			children = (
				EC095B5E2A34531C00F715AE /* UIViewController+TextPicker.swift */,
				EC095B602A366E2800F715AE /* UIViewController+PresentImagePicker.swift */,
			);
			path = Extensions;
			sourceTree = "<group>";
		};
		ECF59D412A3263FD002BEE93 = {
			isa = PBXGroup;
			children = (
				ECF59D4C2A3263FD002BEE93 /* FileStorageManager */,
				ECF59D4B2A3263FD002BEE93 /* Products */,
			);
			sourceTree = "<group>";
		};
		ECF59D4B2A3263FD002BEE93 /* Products */ = {
			isa = PBXGroup;
			children = (
				ECF59D4A2A3263FD002BEE93 /* FileStorageManager.app */,
			);
			name = Products;
			sourceTree = "<group>";
		};
		ECF59D4C2A3263FD002BEE93 /* FileStorageManager */ = {
			isa = PBXGroup;
			children = (
				EC095B5D2A34530300F715AE /* Extensions */,
				ECF59D672A326694002BEE93 /* Models */,
				ECF59D642A3265A6002BEE93 /* App */,
				ECF59D632A326597002BEE93 /* Services */,
				ECF59D612A3264CF002BEE93 /* TableViewController.swift */,
				ECF59D532A3263FD002BEE93 /* Main.storyboard */,
				ECF59D562A3263FE002BEE93 /* Assets.xcassets */,
				ECF59D582A3263FE002BEE93 /* LaunchScreen.storyboard */,
				ECF59D5B2A3263FE002BEE93 /* Info.plist */,
			);
			path = FileStorageManager;
			sourceTree = "<group>";
		};
		ECF59D632A326597002BEE93 /* Services */ = {
			isa = PBXGroup;
			children = (
				ECF59D652A3265C6002BEE93 /* FileManagerService.swift */,
			);
			path = Services;
			sourceTree = "<group>";
		};
		ECF59D642A3265A6002BEE93 /* App */ = {
			isa = PBXGroup;
			children = (
				ECF59D4F2A3263FD002BEE93 /* SceneDelegate.swift */,
				ECF59D4D2A3263FD002BEE93 /* AppDelegate.swift */,
			);
			path = App;
			sourceTree = "<group>";
		};
		ECF59D672A326694002BEE93 /* Models */ = {
			isa = PBXGroup;
			children = (
				ECF59D682A3266A6002BEE93 /* Content.swift */,
			);
			path = Models;
			sourceTree = "<group>";
		};
/* End PBXGroup section */

/* Begin PBXNativeTarget section */
		ECF59D492A3263FD002BEE93 /* FileStorageManager */ = {
			isa = PBXNativeTarget;
			buildConfigurationList = ECF59D5E2A3263FE002BEE93 /* Build configuration list for PBXNativeTarget "FileStorageManager" */;
			buildPhases = (
				ECF59D462A3263FD002BEE93 /* Sources */,
				ECF59D472A3263FD002BEE93 /* Frameworks */,
				ECF59D482A3263FD002BEE93 /* Resources */,
			);
			buildRules = (
			);
			dependencies = (
			);
			name = FileStorageManager;
			productName = FileStorageManager;
			productReference = ECF59D4A2A3263FD002BEE93 /* FileStorageManager.app */;
			productType = "com.apple.product-type.application";
		};
/* End PBXNativeTarget section */

/* Begin PBXProject section */
		ECF59D422A3263FD002BEE93 /* Project object */ = {
			isa = PBXProject;
			attributes = {
				BuildIndependentTargetsInParallel = 1;
				LastSwiftUpdateCheck = 1430;
				LastUpgradeCheck = 1430;
				TargetAttributes = {
					ECF59D492A3263FD002BEE93 = {
						CreatedOnToolsVersion = 14.3.1;
					};
				};
			};
			buildConfigurationList = ECF59D452A3263FD002BEE93 /* Build configuration list for PBXProject "FileStorageManager" */;
			compatibilityVersion = "Xcode 14.0";
			developmentRegion = en;
			hasScannedForEncodings = 0;
			knownRegions = (
				en,
				Base,
			);
			mainGroup = ECF59D412A3263FD002BEE93;
			productRefGroup = ECF59D4B2A3263FD002BEE93 /* Products */;
			projectDirPath = "";
			projectRoot = "";
			targets = (
				ECF59D492A3263FD002BEE93 /* FileStorageManager */,
			);
		};
/* End PBXProject section */

/* Begin PBXResourcesBuildPhase section */
		ECF59D482A3263FD002BEE93 /* Resources */ = {
			isa = PBXResourcesBuildPhase;
			buildActionMask = 2147483647;
			files = (
				ECF59D5A2A3263FE002BEE93 /* LaunchScreen.storyboard in Resources */,
				ECF59D572A3263FE002BEE93 /* Assets.xcassets in Resources */,
				ECF59D552A3263FD002BEE93 /* Main.storyboard in Resources */,
			);
			runOnlyForDeploymentPostprocessing = 0;
		};
/* End PBXResourcesBuildPhase section */

/* Begin PBXSourcesBuildPhase section */
		ECF59D462A3263FD002BEE93 /* Sources */ = {
			isa = PBXSourcesBuildPhase;
			buildActionMask = 2147483647;
			files = (
				ECF59D662A3265C6002BEE93 /* FileManagerService.swift in Sources */,
				EC095B5F2A34531C00F715AE /* UIViewController+TextPicker.swift in Sources */,
				ECF59D4E2A3263FD002BEE93 /* AppDelegate.swift in Sources */,
				ECF59D502A3263FD002BEE93 /* SceneDelegate.swift in Sources */,
				EC095B612A366E2900F715AE /* UIViewController+PresentImagePicker.swift in Sources */,
				ECF59D622A3264CF002BEE93 /* TableViewController.swift in Sources */,
				ECF59D692A3266A6002BEE93 /* Content.swift in Sources */,
			);
			runOnlyForDeploymentPostprocessing = 0;
		};
/* End PBXSourcesBuildPhase section */

/* Begin PBXVariantGroup section */
		ECF59D532A3263FD002BEE93 /* Main.storyboard */ = {
			isa = PBXVariantGroup;
			children = (
				ECF59D542A3263FD002BEE93 /* Base */,
			);
			name = Main.storyboard;
			sourceTree = "<group>";
		};
		ECF59D582A3263FE002BEE93 /* LaunchScreen.storyboard */ = {
			isa = PBXVariantGroup;
			children = (
				ECF59D592A3263FE002BEE93 /* Base */,
			);
			name = LaunchScreen.storyboard;
			sourceTree = "<group>";
		};
/* End PBXVariantGroup section */

/* Begin XCBuildConfiguration section */
		ECF59D5C2A3263FE002BEE93 /* Debug */ = {
			isa = XCBuildConfiguration;
			buildSettings = {
				ALWAYS_SEARCH_USER_PATHS = NO;
				CLANG_ANALYZER_NONNULL = YES;
				CLANG_ANALYZER_NUMBER_OBJECT_CONVERSION = YES_AGGRESSIVE;
				CLANG_CXX_LANGUAGE_STANDARD = "gnu++20";
				CLANG_ENABLE_MODULES = YES;
				CLANG_ENABLE_OBJC_ARC = YES;
				CLANG_ENABLE_OBJC_WEAK = YES;
				CLANG_WARN_BLOCK_CAPTURE_AUTORELEASING = YES;
				CLANG_WARN_BOOL_CONVERSION = YES;
				CLANG_WARN_COMMA = YES;
				CLANG_WARN_CONSTANT_CONVERSION = YES;
				CLANG_WARN_DEPRECATED_OBJC_IMPLEMENTATIONS = YES;
				CLANG_WARN_DIRECT_OBJC_ISA_USAGE = YES_ERROR;
				CLANG_WARN_DOCUMENTATION_COMMENTS = YES;
				CLANG_WARN_EMPTY_BODY = YES;
				CLANG_WARN_ENUM_CONVERSION = YES;
				CLANG_WARN_INFINITE_RECURSION = YES;
				CLANG_WARN_INT_CONVERSION = YES;
				CLANG_WARN_NON_LITERAL_NULL_CONVERSION = YES;
				CLANG_WARN_OBJC_IMPLICIT_RETAIN_SELF = YES;
				CLANG_WARN_OBJC_LITERAL_CONVERSION = YES;
				CLANG_WARN_OBJC_ROOT_CLASS = YES_ERROR;
				CLANG_WARN_QUOTED_INCLUDE_IN_FRAMEWORK_HEADER = YES;
				CLANG_WARN_RANGE_LOOP_ANALYSIS = YES;
				CLANG_WARN_STRICT_PROTOTYPES = YES;
				CLANG_WARN_SUSPICIOUS_MOVE = YES;
				CLANG_WARN_UNGUARDED_AVAILABILITY = YES_AGGRESSIVE;
				CLANG_WARN_UNREACHABLE_CODE = YES;
				CLANG_WARN__DUPLICATE_METHOD_MATCH = YES;
				COPY_PHASE_STRIP = NO;
				DEBUG_INFORMATION_FORMAT = dwarf;
				ENABLE_STRICT_OBJC_MSGSEND = YES;
				ENABLE_TESTABILITY = YES;
				GCC_C_LANGUAGE_STANDARD = gnu11;
				GCC_DYNAMIC_NO_PIC = NO;
				GCC_NO_COMMON_BLOCKS = YES;
				GCC_OPTIMIZATION_LEVEL = 0;
				GCC_PREPROCESSOR_DEFINITIONS = (
					"DEBUG=1",
					"$(inherited)",
				);
				GCC_WARN_64_TO_32_BIT_CONVERSION = YES;
				GCC_WARN_ABOUT_RETURN_TYPE = YES_ERROR;
				GCC_WARN_UNDECLARED_SELECTOR = YES;
				GCC_WARN_UNINITIALIZED_AUTOS = YES_AGGRESSIVE;
				GCC_WARN_UNUSED_FUNCTION = YES;
				GCC_WARN_UNUSED_VARIABLE = YES;
				IPHONEOS_DEPLOYMENT_TARGET = 16.4;
				MTL_ENABLE_DEBUG_INFO = INCLUDE_SOURCE;
				MTL_FAST_MATH = YES;
				ONLY_ACTIVE_ARCH = YES;
				SDKROOT = iphoneos;
				SWIFT_ACTIVE_COMPILATION_CONDITIONS = DEBUG;
				SWIFT_OPTIMIZATION_LEVEL = "-Onone";
			};
			name = Debug;
		};
		ECF59D5D2A3263FE002BEE93 /* Release */ = {
			isa = XCBuildConfiguration;
			buildSettings = {
				ALWAYS_SEARCH_USER_PATHS = NO;
				CLANG_ANALYZER_NONNULL = YES;
				CLANG_ANALYZER_NUMBER_OBJECT_CONVERSION = YES_AGGRESSIVE;
				CLANG_CXX_LANGUAGE_STANDARD = "gnu++20";
				CLANG_ENABLE_MODULES = YES;
				CLANG_ENABLE_OBJC_ARC = YES;
				CLANG_ENABLE_OBJC_WEAK = YES;
				CLANG_WARN_BLOCK_CAPTURE_AUTORELEASING = YES;
				CLANG_WARN_BOOL_CONVERSION = YES;
				CLANG_WARN_COMMA = YES;
				CLANG_WARN_CONSTANT_CONVERSION = YES;
				CLANG_WARN_DEPRECATED_OBJC_IMPLEMENTATIONS = YES;
				CLANG_WARN_DIRECT_OBJC_ISA_USAGE = YES_ERROR;
				CLANG_WARN_DOCUMENTATION_COMMENTS = YES;
				CLANG_WARN_EMPTY_BODY = YES;
				CLANG_WARN_ENUM_CONVERSION = YES;
				CLANG_WARN_INFINITE_RECURSION = YES;
				CLANG_WARN_INT_CONVERSION = YES;
				CLANG_WARN_NON_LITERAL_NULL_CONVERSION = YES;
				CLANG_WARN_OBJC_IMPLICIT_RETAIN_SELF = YES;
				CLANG_WARN_OBJC_LITERAL_CONVERSION = YES;
				CLANG_WARN_OBJC_ROOT_CLASS = YES_ERROR;
				CLANG_WARN_QUOTED_INCLUDE_IN_FRAMEWORK_HEADER = YES;
				CLANG_WARN_RANGE_LOOP_ANALYSIS = YES;
				CLANG_WARN_STRICT_PROTOTYPES = YES;
				CLANG_WARN_SUSPICIOUS_MOVE = YES;
				CLANG_WARN_UNGUARDED_AVAILABILITY = YES_AGGRESSIVE;
				CLANG_WARN_UNREACHABLE_CODE = YES;
				CLANG_WARN__DUPLICATE_METHOD_MATCH = YES;
				COPY_PHASE_STRIP = NO;
				DEBUG_INFORMATION_FORMAT = "dwarf-with-dsym";
				ENABLE_NS_ASSERTIONS = NO;
				ENABLE_STRICT_OBJC_MSGSEND = YES;
				GCC_C_LANGUAGE_STANDARD = gnu11;
				GCC_NO_COMMON_BLOCKS = YES;
				GCC_WARN_64_TO_32_BIT_CONVERSION = YES;
				GCC_WARN_ABOUT_RETURN_TYPE = YES_ERROR;
				GCC_WARN_UNDECLARED_SELECTOR = YES;
				GCC_WARN_UNINITIALIZED_AUTOS = YES_AGGRESSIVE;
				GCC_WARN_UNUSED_FUNCTION = YES;
				GCC_WARN_UNUSED_VARIABLE = YES;
				IPHONEOS_DEPLOYMENT_TARGET = 16.4;
				MTL_ENABLE_DEBUG_INFO = NO;
				MTL_FAST_MATH = YES;
				SDKROOT = iphoneos;
				SWIFT_COMPILATION_MODE = wholemodule;
				SWIFT_OPTIMIZATION_LEVEL = "-O";
				VALIDATE_PRODUCT = YES;
			};
			name = Release;
		};
		ECF59D5F2A3263FE002BEE93 /* Debug */ = {
			isa = XCBuildConfiguration;
			buildSettings = {
				ASSETCATALOG_COMPILER_APPICON_NAME = AppIcon;
				ASSETCATALOG_COMPILER_GLOBAL_ACCENT_COLOR_NAME = AccentColor;
				CODE_SIGN_STYLE = Automatic;
				CURRENT_PROJECT_VERSION = 1;
				DEVELOPMENT_TEAM = 6RRYH7RTN7;
				GENERATE_INFOPLIST_FILE = YES;
				INFOPLIST_FILE = FileStorageManager/Info.plist;
				INFOPLIST_KEY_UIApplicationSupportsIndirectInputEvents = YES;
				INFOPLIST_KEY_UILaunchStoryboardName = LaunchScreen;
				INFOPLIST_KEY_UIMainStoryboardFile = Main;
				INFOPLIST_KEY_UISupportedInterfaceOrientations_iPad = "UIInterfaceOrientationPortrait UIInterfaceOrientationPortraitUpsideDown UIInterfaceOrientationLandscapeLeft UIInterfaceOrientationLandscapeRight";
				INFOPLIST_KEY_UISupportedInterfaceOrientations_iPhone = "UIInterfaceOrientationPortrait UIInterfaceOrientationLandscapeLeft UIInterfaceOrientationLandscapeRight";
				LD_RUNPATH_SEARCH_PATHS = (
					"$(inherited)",
					"@executable_path/Frameworks",
				);
				MARKETING_VERSION = 1.0;
				PRODUCT_BUNDLE_IDENTIFIER = lyapin.dev.FileStorageManager;
				PRODUCT_NAME = "$(TARGET_NAME)";
				SWIFT_EMIT_LOC_STRINGS = YES;
				SWIFT_VERSION = 5.0;
				TARGETED_DEVICE_FAMILY = "1,2";
			};
			name = Debug;
		};
		ECF59D602A3263FE002BEE93 /* Release */ = {
			isa = XCBuildConfiguration;
			buildSettings = {
				ASSETCATALOG_COMPILER_APPICON_NAME = AppIcon;
				ASSETCATALOG_COMPILER_GLOBAL_ACCENT_COLOR_NAME = AccentColor;
				CODE_SIGN_STYLE = Automatic;
				CURRENT_PROJECT_VERSION = 1;
				DEVELOPMENT_TEAM = 6RRYH7RTN7;
				GENERATE_INFOPLIST_FILE = YES;
				INFOPLIST_FILE = FileStorageManager/Info.plist;
				INFOPLIST_KEY_UIApplicationSupportsIndirectInputEvents = YES;
				INFOPLIST_KEY_UILaunchStoryboardName = LaunchScreen;
				INFOPLIST_KEY_UIMainStoryboardFile = Main;
				INFOPLIST_KEY_UISupportedInterfaceOrientations_iPad = "UIInterfaceOrientationPortrait UIInterfaceOrientationPortraitUpsideDown UIInterfaceOrientationLandscapeLeft UIInterfaceOrientationLandscapeRight";
				INFOPLIST_KEY_UISupportedInterfaceOrientations_iPhone = "UIInterfaceOrientationPortrait UIInterfaceOrientationLandscapeLeft UIInterfaceOrientationLandscapeRight";
				LD_RUNPATH_SEARCH_PATHS = (
					"$(inherited)",
					"@executable_path/Frameworks",
				);
				MARKETING_VERSION = 1.0;
				PRODUCT_BUNDLE_IDENTIFIER = lyapin.dev.FileStorageManager;
				PRODUCT_NAME = "$(TARGET_NAME)";
				SWIFT_EMIT_LOC_STRINGS = YES;
				SWIFT_VERSION = 5.0;
				TARGETED_DEVICE_FAMILY = "1,2";
			};
			name = Release;
		};
/* End XCBuildConfiguration section */

/* Begin XCConfigurationList section */
		ECF59D452A3263FD002BEE93 /* Build configuration list for PBXProject "FileStorageManager" */ = {
			isa = XCConfigurationList;
			buildConfigurations = (
				ECF59D5C2A3263FE002BEE93 /* Debug */,
				ECF59D5D2A3263FE002BEE93 /* Release */,
			);
			defaultConfigurationIsVisible = 0;
			defaultConfigurationName = Release;
		};
		ECF59D5E2A3263FE002BEE93 /* Build configuration list for PBXNativeTarget "FileStorageManager" */ = {
			isa = XCConfigurationList;
			buildConfigurations = (
				ECF59D5F2A3263FE002BEE93 /* Debug */,
				ECF59D602A3263FE002BEE93 /* Release */,
			);
			defaultConfigurationIsVisible = 0;
			defaultConfigurationName = Release;
		};
/* End XCConfigurationList section */
	};
	rootObject = ECF59D422A3263FD002BEE93 /* Project object */;
}
